// !$*UTF8*$!
{
	archiveVersion = 1;
	classes = {
	};
	objectVersion = 55;
	objects = {

/* Begin PBXBuildFile section */
		F9464FCE28A9FFCE007CFD0E /* ContentDetailView.swift in Sources */ = {isa = PBXBuildFile; fileRef = F9464FCD28A9FFCE007CFD0E /* ContentDetailView.swift */; };
		F9464FD128AA1322007CFD0E /* AVKit.framework in Frameworks */ = {isa = PBXBuildFile; fileRef = F9464FD028AA1322007CFD0E /* AVKit.framework */; };
		F9464FD328AA3BF1007CFD0E /* Constants.swift in Sources */ = {isa = PBXBuildFile; fileRef = F9464FD228AA3BF1007CFD0E /* Constants.swift */; };
		F980D07B288B6E2600B9970E /* ContentView.swift in Sources */ = {isa = PBXBuildFile; fileRef = F980D07A288B6E2600B9970E /* ContentView.swift */; };
		F980D07D288BE34C00B9970E /* ContentViewRow.swift in Sources */ = {isa = PBXBuildFile; fileRef = F980D07C288BE34C00B9970E /* ContentViewRow.swift */; };
		F989ACA128177CBD002F6782 /* M5L2_LearningApp.swift in Sources */ = {isa = PBXBuildFile; fileRef = F989ACA028177CBD002F6782 /* M5L2_LearningApp.swift */; };
		F989ACA328177CBD002F6782 /* HomeView.swift in Sources */ = {isa = PBXBuildFile; fileRef = F989ACA228177CBD002F6782 /* HomeView.swift */; };
		F989ACA528177CC7002F6782 /* Assets.xcassets in Resources */ = {isa = PBXBuildFile; fileRef = F989ACA428177CC7002F6782 /* Assets.xcassets */; };
		F989ACA828177CC7002F6782 /* Preview Assets.xcassets in Resources */ = {isa = PBXBuildFile; fileRef = F989ACA728177CC7002F6782 /* Preview Assets.xcassets */; };
		F989ACB428178170002F6782 /* ContentModel.swift in Sources */ = {isa = PBXBuildFile; fileRef = F989ACB328178170002F6782 /* ContentModel.swift */; };
		F989ACB82817DD8B002F6782 /* style.html in Resources */ = {isa = PBXBuildFile; fileRef = F989ACB62817DD8B002F6782 /* style.html */; };
		F989ACBA281933CD002F6782 /* Models.swift in Sources */ = {isa = PBXBuildFile; fileRef = F989ACB9281933CC002F6782 /* Models.swift */; };
		F989ACBC281B9E38002F6782 /* data.json in Resources */ = {isa = PBXBuildFile; fileRef = F989ACBB281B9E38002F6782 /* data.json */; };
		F9D097F5283B56C70090CEC0 /* HomeViewRow.swift in Sources */ = {isa = PBXBuildFile; fileRef = F9D097F4283B56C70090CEC0 /* HomeViewRow.swift */; };
/* End PBXBuildFile section */

/* Begin PBXFileReference section */
		F9464FCD28A9FFCE007CFD0E /* ContentDetailView.swift */ = {isa = PBXFileReference; lastKnownFileType = sourcecode.swift; path = ContentDetailView.swift; sourceTree = "<group>"; };
		F9464FD028AA1322007CFD0E /* AVKit.framework */ = {isa = PBXFileReference; lastKnownFileType = wrapper.framework; name = AVKit.framework; path = System/Library/Frameworks/AVKit.framework; sourceTree = SDKROOT; };
		F9464FD228AA3BF1007CFD0E /* Constants.swift */ = {isa = PBXFileReference; lastKnownFileType = sourcecode.swift; path = Constants.swift; sourceTree = "<group>"; };
		F980D07A288B6E2600B9970E /* ContentView.swift */ = {isa = PBXFileReference; lastKnownFileType = sourcecode.swift; path = ContentView.swift; sourceTree = "<group>"; };
		F980D07C288BE34C00B9970E /* ContentViewRow.swift */ = {isa = PBXFileReference; lastKnownFileType = sourcecode.swift; path = ContentViewRow.swift; sourceTree = "<group>"; };
		F989AC9D28177CBD002F6782 /* M5L2 LearningApp.app */ = {isa = PBXFileReference; explicitFileType = wrapper.application; includeInIndex = 0; path = "M5L2 LearningApp.app"; sourceTree = BUILT_PRODUCTS_DIR; };
		F989ACA028177CBD002F6782 /* M5L2_LearningApp.swift */ = {isa = PBXFileReference; lastKnownFileType = sourcecode.swift; path = M5L2_LearningApp.swift; sourceTree = "<group>"; };
		F989ACA228177CBD002F6782 /* HomeView.swift */ = {isa = PBXFileReference; lastKnownFileType = sourcecode.swift; path = HomeView.swift; sourceTree = "<group>"; };
		F989ACA428177CC7002F6782 /* Assets.xcassets */ = {isa = PBXFileReference; lastKnownFileType = folder.assetcatalog; path = Assets.xcassets; sourceTree = "<group>"; };
		F989ACA728177CC7002F6782 /* Preview Assets.xcassets */ = {isa = PBXFileReference; lastKnownFileType = folder.assetcatalog; path = "Preview Assets.xcassets"; sourceTree = "<group>"; };
		F989ACB328178170002F6782 /* ContentModel.swift */ = {isa = PBXFileReference; lastKnownFileType = sourcecode.swift; path = ContentModel.swift; sourceTree = "<group>"; };
		F989ACB62817DD8B002F6782 /* style.html */ = {isa = PBXFileReference; fileEncoding = 4; lastKnownFileType = text.html; path = style.html; sourceTree = "<group>"; };
		F989ACB9281933CC002F6782 /* Models.swift */ = {isa = PBXFileReference; lastKnownFileType = sourcecode.swift; path = Models.swift; sourceTree = "<group>"; };
		F989ACBB281B9E38002F6782 /* data.json */ = {isa = PBXFileReference; fileEncoding = 4; lastKnownFileType = text.json; path = data.json; sourceTree = "<group>"; };
		F9D097F4283B56C70090CEC0 /* HomeViewRow.swift */ = {isa = PBXFileReference; lastKnownFileType = sourcecode.swift; path = HomeViewRow.swift; sourceTree = "<group>"; };
/* End PBXFileReference section */

/* Begin PBXFrameworksBuildPhase section */
		F989AC9A28177CBD002F6782 /* Frameworks */ = {
			isa = PBXFrameworksBuildPhase;
			buildActionMask = 2147483647;
			files = (
				F9464FD128AA1322007CFD0E /* AVKit.framework in Frameworks */,
			);
			runOnlyForDeploymentPostprocessing = 0;
		};
/* End PBXFrameworksBuildPhase section */

/* Begin PBXGroup section */
		F9464FCF28AA1322007CFD0E /* Frameworks */ = {
			isa = PBXGroup;
			children = (
				F9464FD028AA1322007CFD0E /* AVKit.framework */,
			);
			name = Frameworks;
			sourceTree = "<group>";
		};
		F989AC9428177CBD002F6782 = {
			isa = PBXGroup;
			children = (
				F989AC9F28177CBD002F6782 /* M5L2 LearningApp */,
				F989AC9E28177CBD002F6782 /* Products */,
				F9464FCF28AA1322007CFD0E /* Frameworks */,
			);
			sourceTree = "<group>";
		};
		F989AC9E28177CBD002F6782 /* Products */ = {
			isa = PBXGroup;
			children = (
				F989AC9D28177CBD002F6782 /* M5L2 LearningApp.app */,
			);
			name = Products;
			sourceTree = "<group>";
		};
		F989AC9F28177CBD002F6782 /* M5L2 LearningApp */ = {
			isa = PBXGroup;
			children = (
				F989ACA028177CBD002F6782 /* M5L2_LearningApp.swift */,
				F989ACAE2817805B002F6782 /* Views */,
				F989ACAF28178064002F6782 /* ViewModels */,
				F989ACB028178072002F6782 /* Models */,
				F989ACB128178081002F6782 /* Resources */,
				F989ACB22817808D002F6782 /* Helpers */,
				F989ACA428177CC7002F6782 /* Assets.xcassets */,
				F989ACA628177CC7002F6782 /* Preview Content */,
			);
			path = "M5L2 LearningApp";
			sourceTree = "<group>";
		};
		F989ACA628177CC7002F6782 /* Preview Content */ = {
			isa = PBXGroup;
			children = (
				F989ACA728177CC7002F6782 /* Preview Assets.xcassets */,
			);
			path = "Preview Content";
			sourceTree = "<group>";
		};
		F989ACAE2817805B002F6782 /* Views */ = {
			isa = PBXGroup;
			children = (
				F989ACA228177CBD002F6782 /* HomeView.swift */,
				F9D097F4283B56C70090CEC0 /* HomeViewRow.swift */,
				F980D07A288B6E2600B9970E /* ContentView.swift */,
				F980D07C288BE34C00B9970E /* ContentViewRow.swift */,
				F9464FCD28A9FFCE007CFD0E /* ContentDetailView.swift */,
			);
			path = Views;
			sourceTree = "<group>";
		};
		F989ACAF28178064002F6782 /* ViewModels */ = {
			isa = PBXGroup;
			children = (
				F989ACB328178170002F6782 /* ContentModel.swift */,
			);
			path = ViewModels;
			sourceTree = "<group>";
		};
		F989ACB028178072002F6782 /* Models */ = {
			isa = PBXGroup;
			children = (
				F989ACB9281933CC002F6782 /* Models.swift */,
			);
			path = Models;
			sourceTree = "<group>";
		};
		F989ACB128178081002F6782 /* Resources */ = {
			isa = PBXGroup;
			children = (
				F989ACBB281B9E38002F6782 /* data.json */,
				F989ACB62817DD8B002F6782 /* style.html */,
				F9464FD228AA3BF1007CFD0E /* Constants.swift */,
			);
			path = Resources;
			sourceTree = "<group>";
		};
		F989ACB22817808D002F6782 /* Helpers */ = {
			isa = PBXGroup;
			children = (
			);
			path = Helpers;
			sourceTree = "<group>";
		};
/* End PBXGroup section */

/* Begin PBXNativeTarget section */
		F989AC9C28177CBD002F6782 /* M5L2 LearningApp */ = {
			isa = PBXNativeTarget;
			buildConfigurationList = F989ACAB28177CC7002F6782 /* Build configuration list for PBXNativeTarget "M5L2 LearningApp" */;
			buildPhases = (
				F989AC9928177CBD002F6782 /* Sources */,
				F989AC9A28177CBD002F6782 /* Frameworks */,
				F989AC9B28177CBD002F6782 /* Resources */,
			);
			buildRules = (
			);
			dependencies = (
			);
			name = "M5L2 LearningApp";
			productName = "M5L2 LearningApp";
			productReference = F989AC9D28177CBD002F6782 /* M5L2 LearningApp.app */;
			productType = "com.apple.product-type.application";
		};
/* End PBXNativeTarget section */

/* Begin PBXProject section */
		F989AC9528177CBD002F6782 /* Project object */ = {
			isa = PBXProject;
			attributes = {
				BuildIndependentTargetsInParallel = 1;
				LastSwiftUpdateCheck = 1330;
				LastUpgradeCheck = 1330;
				TargetAttributes = {
					F989AC9C28177CBD002F6782 = {
						CreatedOnToolsVersion = 13.3.1;
					};
				};
			};
			buildConfigurationList = F989AC9828177CBD002F6782 /* Build configuration list for PBXProject "M5L2 LearningApp" */;
			compatibilityVersion = "Xcode 13.0";
			developmentRegion = en;
			hasScannedForEncodings = 0;
			knownRegions = (
				en,
				Base,
			);
			mainGroup = F989AC9428177CBD002F6782;
			productRefGroup = F989AC9E28177CBD002F6782 /* Products */;
			projectDirPath = "";
			projectRoot = "";
			targets = (
				F989AC9C28177CBD002F6782 /* M5L2 LearningApp */,
			);
		};
/* End PBXProject section */

/* Begin PBXResourcesBuildPhase section */
		F989AC9B28177CBD002F6782 /* Resources */ = {
			isa = PBXResourcesBuildPhase;
			buildActionMask = 2147483647;
			files = (
				F989ACA828177CC7002F6782 /* Preview Assets.xcassets in Resources */,
				F989ACB82817DD8B002F6782 /* style.html in Resources */,
				F989ACA528177CC7002F6782 /* Assets.xcassets in Resources */,
				F989ACBC281B9E38002F6782 /* data.json in Resources */,
			);
			runOnlyForDeploymentPostprocessing = 0;
		};
/* End PBXResourcesBuildPhase section */

/* Begin PBXSourcesBuildPhase section */
		F989AC9928177CBD002F6782 /* Sources */ = {
			isa = PBXSourcesBuildPhase;
			buildActionMask = 2147483647;
			files = (
				F989ACA328177CBD002F6782 /* HomeView.swift in Sources */,
				F9D097F5283B56C70090CEC0 /* HomeViewRow.swift in Sources */,
				F980D07B288B6E2600B9970E /* ContentView.swift in Sources */,
				F9464FCE28A9FFCE007CFD0E /* ContentDetailView.swift in Sources */,
				F989ACA128177CBD002F6782 /* M5L2_LearningApp.swift in Sources */,
				F980D07D288BE34C00B9970E /* ContentViewRow.swift in Sources */,
				F989ACB428178170002F6782 /* ContentModel.swift in Sources */,
				F989ACBA281933CD002F6782 /* Models.swift in Sources */,
				F9464FD328AA3BF1007CFD0E /* Constants.swift in Sources */,
			);
			runOnlyForDeploymentPostprocessing = 0;
		};
/* End PBXSourcesBuildPhase section */

/* Begin XCBuildConfiguration section */
		F989ACA928177CC7002F6782 /* Debug */ = {
			isa = XCBuildConfiguration;
			buildSettings = {
				ALWAYS_SEARCH_USER_PATHS = NO;
				CLANG_ANALYZER_NONNULL = YES;
				CLANG_ANALYZER_NUMBER_OBJECT_CONVERSION = YES_AGGRESSIVE;
				CLANG_CXX_LANGUAGE_STANDARD = "gnu++17";
				CLANG_ENABLE_MODULES = YES;
				CLANG_ENABLE_OBJC_ARC = YES;
				CLANG_ENABLE_OBJC_WEAK = YES;
				CLANG_WARN_BLOCK_CAPTURE_AUTORELEASING = YES;
				CLANG_WARN_BOOL_CONVERSION = YES;
				CLANG_WARN_COMMA = YES;
				CLANG_WARN_CONSTANT_CONVERSION = YES;
				CLANG_WARN_DEPRECATED_OBJC_IMPLEMENTATIONS = YES;
				CLANG_WARN_DIRECT_OBJC_ISA_USAGE = YES_ERROR;
				CLANG_WARN_DOCUMENTATION_COMMENTS = YES;
				CLANG_WARN_EMPTY_BODY = YES;
				CLANG_WARN_ENUM_CONVERSION = YES;
				CLANG_WARN_INFINITE_RECURSION = YES;
				CLANG_WARN_INT_CONVERSION = YES;
				CLANG_WARN_NON_LITERAL_NULL_CONVERSION = YES;
				CLANG_WARN_OBJC_IMPLICIT_RETAIN_SELF = YES;
				CLANG_WARN_OBJC_LITERAL_CONVERSION = YES;
				CLANG_WARN_OBJC_ROOT_CLASS = YES_ERROR;
				CLANG_WARN_QUOTED_INCLUDE_IN_FRAMEWORK_HEADER = YES;
				CLANG_WARN_RANGE_LOOP_ANALYSIS = YES;
				CLANG_WARN_STRICT_PROTOTYPES = YES;
				CLANG_WARN_SUSPICIOUS_MOVE = YES;
				CLANG_WARN_UNGUARDED_AVAILABILITY = YES_AGGRESSIVE;
				CLANG_WARN_UNREACHABLE_CODE = YES;
				CLANG_WARN__DUPLICATE_METHOD_MATCH = YES;
				COPY_PHASE_STRIP = NO;
				DEBUG_INFORMATION_FORMAT = dwarf;
				ENABLE_STRICT_OBJC_MSGSEND = YES;
				ENABLE_TESTABILITY = YES;
				GCC_C_LANGUAGE_STANDARD = gnu11;
				GCC_DYNAMIC_NO_PIC = NO;
				GCC_NO_COMMON_BLOCKS = YES;
				GCC_OPTIMIZATION_LEVEL = 0;
				GCC_PREPROCESSOR_DEFINITIONS = (
					"DEBUG=1",
					"$(inherited)",
				);
				GCC_WARN_64_TO_32_BIT_CONVERSION = YES;
				GCC_WARN_ABOUT_RETURN_TYPE = YES_ERROR;
				GCC_WARN_UNDECLARED_SELECTOR = YES;
				GCC_WARN_UNINITIALIZED_AUTOS = YES_AGGRESSIVE;
				GCC_WARN_UNUSED_FUNCTION = YES;
				GCC_WARN_UNUSED_VARIABLE = YES;
				IPHONEOS_DEPLOYMENT_TARGET = 15.4;
				MTL_ENABLE_DEBUG_INFO = INCLUDE_SOURCE;
				MTL_FAST_MATH = YES;
				ONLY_ACTIVE_ARCH = YES;
				SDKROOT = iphoneos;
				SWIFT_ACTIVE_COMPILATION_CONDITIONS = DEBUG;
				SWIFT_OPTIMIZATION_LEVEL = "-Onone";
			};
			name = Debug;
		};
		F989ACAA28177CC7002F6782 /* Release */ = {
			isa = XCBuildConfiguration;
			buildSettings = {
				ALWAYS_SEARCH_USER_PATHS = NO;
				CLANG_ANALYZER_NONNULL = YES;
				CLANG_ANALYZER_NUMBER_OBJECT_CONVERSION = YES_AGGRESSIVE;
				CLANG_CXX_LANGUAGE_STANDARD = "gnu++17";
				CLANG_ENABLE_MODULES = YES;
				CLANG_ENABLE_OBJC_ARC = YES;
				CLANG_ENABLE_OBJC_WEAK = YES;
				CLANG_WARN_BLOCK_CAPTURE_AUTORELEASING = YES;
				CLANG_WARN_BOOL_CONVERSION = YES;
				CLANG_WARN_COMMA = YES;
				CLANG_WARN_CONSTANT_CONVERSION = YES;
				CLANG_WARN_DEPRECATED_OBJC_IMPLEMENTATIONS = YES;
				CLANG_WARN_DIRECT_OBJC_ISA_USAGE = YES_ERROR;
				CLANG_WARN_DOCUMENTATION_COMMENTS = YES;
				CLANG_WARN_EMPTY_BODY = YES;
				CLANG_WARN_ENUM_CONVERSION = YES;
				CLANG_WARN_INFINITE_RECURSION = YES;
				CLANG_WARN_INT_CONVERSION = YES;
				CLANG_WARN_NON_LITERAL_NULL_CONVERSION = YES;
				CLANG_WARN_OBJC_IMPLICIT_RETAIN_SELF = YES;
				CLANG_WARN_OBJC_LITERAL_CONVERSION = YES;
				CLANG_WARN_OBJC_ROOT_CLASS = YES_ERROR;
				CLANG_WARN_QUOTED_INCLUDE_IN_FRAMEWORK_HEADER = YES;
				CLANG_WARN_RANGE_LOOP_ANALYSIS = YES;
				CLANG_WARN_STRICT_PROTOTYPES = YES;
				CLANG_WARN_SUSPICIOUS_MOVE = YES;
				CLANG_WARN_UNGUARDED_AVAILABILITY = YES_AGGRESSIVE;
				CLANG_WARN_UNREACHABLE_CODE = YES;
				CLANG_WARN__DUPLICATE_METHOD_MATCH = YES;
				COPY_PHASE_STRIP = NO;
				DEBUG_INFORMATION_FORMAT = "dwarf-with-dsym";
				ENABLE_NS_ASSERTIONS = NO;
				ENABLE_STRICT_OBJC_MSGSEND = YES;
				GCC_C_LANGUAGE_STANDARD = gnu11;
				GCC_NO_COMMON_BLOCKS = YES;
				GCC_WARN_64_TO_32_BIT_CONVERSION = YES;
				GCC_WARN_ABOUT_RETURN_TYPE = YES_ERROR;
				GCC_WARN_UNDECLARED_SELECTOR = YES;
				GCC_WARN_UNINITIALIZED_AUTOS = YES_AGGRESSIVE;
				GCC_WARN_UNUSED_FUNCTION = YES;
				GCC_WARN_UNUSED_VARIABLE = YES;
				IPHONEOS_DEPLOYMENT_TARGET = 15.4;
				MTL_ENABLE_DEBUG_INFO = NO;
				MTL_FAST_MATH = YES;
				SDKROOT = iphoneos;
				SWIFT_COMPILATION_MODE = wholemodule;
				SWIFT_OPTIMIZATION_LEVEL = "-O";
				VALIDATE_PRODUCT = YES;
			};
			name = Release;
		};
		F989ACAC28177CC7002F6782 /* Debug */ = {
			isa = XCBuildConfiguration;
			buildSettings = {
				ASSETCATALOG_COMPILER_APPICON_NAME = AppIcon;
				ASSETCATALOG_COMPILER_GLOBAL_ACCENT_COLOR_NAME = AccentColor;
				CODE_SIGN_STYLE = Automatic;
				CURRENT_PROJECT_VERSION = 1;
				DEVELOPMENT_ASSET_PATHS = "\"M5L2 LearningApp/Preview Content\"";
				DEVELOPMENT_TEAM = 5JEWL86M7G;
				ENABLE_PREVIEWS = YES;
				GENERATE_INFOPLIST_FILE = YES;
				INFOPLIST_KEY_UIApplicationSceneManifest_Generation = YES;
				INFOPLIST_KEY_UIApplicationSupportsIndirectInputEvents = YES;
				INFOPLIST_KEY_UILaunchScreen_Generation = YES;
				INFOPLIST_KEY_UISupportedInterfaceOrientations_iPad = "UIInterfaceOrientationPortrait UIInterfaceOrientationPortraitUpsideDown UIInterfaceOrientationLandscapeLeft UIInterfaceOrientationLandscapeRight";
				INFOPLIST_KEY_UISupportedInterfaceOrientations_iPhone = "UIInterfaceOrientationPortrait UIInterfaceOrientationLandscapeLeft UIInterfaceOrientationLandscapeRight";
				LD_RUNPATH_SEARCH_PATHS = (
					"$(inherited)",
					"@executable_path/Frameworks",
				);
				MARKETING_VERSION = 1.0;
				PRODUCT_BUNDLE_IDENTIFIER = "aw.M5L2-LearningApp";
				PRODUCT_NAME = "$(TARGET_NAME)";
				SWIFT_EMIT_LOC_STRINGS = YES;
				SWIFT_VERSION = 5.0;
				TARGETED_DEVICE_FAMILY = "1,2";
			};
			name = Debug;
		};
		F989ACAD28177CC7002F6782 /* Release */ = {
			isa = XCBuildConfiguration;
			buildSettings = {
				ASSETCATALOG_COMPILER_APPICON_NAME = AppIcon;
				ASSETCATALOG_COMPILER_GLOBAL_ACCENT_COLOR_NAME = AccentColor;
				CODE_SIGN_STYLE = Automatic;
				CURRENT_PROJECT_VERSION = 1;
				DEVELOPMENT_ASSET_PATHS = "\"M5L2 LearningApp/Preview Content\"";
				DEVELOPMENT_TEAM = 5JEWL86M7G;
				ENABLE_PREVIEWS = YES;
				GENERATE_INFOPLIST_FILE = YES;
				INFOPLIST_KEY_UIApplicationSceneManifest_Generation = YES;
				INFOPLIST_KEY_UIApplicationSupportsIndirectInputEvents = YES;
				INFOPLIST_KEY_UILaunchScreen_Generation = YES;
				INFOPLIST_KEY_UISupportedInterfaceOrientations_iPad = "UIInterfaceOrientationPortrait UIInterfaceOrientationPortraitUpsideDown UIInterfaceOrientationLandscapeLeft UIInterfaceOrientationLandscapeRight";
				INFOPLIST_KEY_UISupportedInterfaceOrientations_iPhone = "UIInterfaceOrientationPortrait UIInterfaceOrientationLandscapeLeft UIInterfaceOrientationLandscapeRight";
				LD_RUNPATH_SEARCH_PATHS = (
					"$(inherited)",
					"@executable_path/Frameworks",
				);
				MARKETING_VERSION = 1.0;
				PRODUCT_BUNDLE_IDENTIFIER = "aw.M5L2-LearningApp";
				PRODUCT_NAME = "$(TARGET_NAME)";
				SWIFT_EMIT_LOC_STRINGS = YES;
				SWIFT_VERSION = 5.0;
				TARGETED_DEVICE_FAMILY = "1,2";
			};
			name = Release;
		};
/* End XCBuildConfiguration section */

/* Begin XCConfigurationList section */
		F989AC9828177CBD002F6782 /* Build configuration list for PBXProject "M5L2 LearningApp" */ = {
			isa = XCConfigurationList;
			buildConfigurations = (
				F989ACA928177CC7002F6782 /* Debug */,
				F989ACAA28177CC7002F6782 /* Release */,
			);
			defaultConfigurationIsVisible = 0;
			defaultConfigurationName = Release;
		};
		F989ACAB28177CC7002F6782 /* Build configuration list for PBXNativeTarget "M5L2 LearningApp" */ = {
			isa = XCConfigurationList;
			buildConfigurations = (
				F989ACAC28177CC7002F6782 /* Debug */,
				F989ACAD28177CC7002F6782 /* Release */,
			);
			defaultConfigurationIsVisible = 0;
			defaultConfigurationName = Release;
		};
/* End XCConfigurationList section */
	};
	rootObject = F989AC9528177CBD002F6782 /* Project object */;
}
